{
  "name": "filmy",
  "lockfileVersion": 3,
  "requires": true,
  "packages": {
    "": {
      "dependencies": {
        "@angular/common": "^19.0.0"
      }
    },
    "node_modules/@angular/common": {
      "version": "19.0.0",
      "resolved": "https://registry.npmjs.org/@angular/common/-/common-19.0.0.tgz",
      "integrity": "sha512-kb2iS26GZS0vyR3emAQbIiQifnK5M5vnbclEHni+pApDEU5V9FufbdRP3vCxs28UHZvAZKB0LrxkTrnT6T+z5g==",
      "license": "MIT",
      "dependencies": {
        "tslib": "^2.3.0"
      },
      "engines": {
        "node": "^18.19.1 || ^20.11.1 || >=22.0.0"
      },
      "peerDependencies": {
        "@angular/core": "19.0.0",
        "rxjs": "^6.5.3 || ^7.4.0"
      }
    },
    "node_modules/tslib": {
      "version": "2.8.1",
      "resolved": "https://registry.npmjs.org/tslib/-/tslib-2.8.1.tgz",
      "integrity": "sha512-oJFu94HQb+KVduSUQL7wnpmqnfmLsOA/nAh6b6EH0wCEoK0/mPeXU6c3wKDV83MkOuHPRHtSXKKU99IBazS/2w==",
      "license": "0BSD"
    }
  }
}
